
Microsoft Visual Studio Solution File, Format Version 12.00
# Visual Studio 15
VisualStudioVersion = 15.0.27009.1
MinimumVisualStudioVersion = 10.0.40219.1
Project("{FAE04EC0-301F-11D3-BF4B-00C04F79EFBC}") = "Diploma", "src\Diploma\Diploma.csproj", "{039E17FB-7ADC-4B4E-A439-9649AE398A12}"
EndProject
Project("{FAE04EC0-301F-11D3-BF4B-00C04F79EFBC}") = "Diploma.DAL", "src\Diploma.DAL\Diploma.DAL.csproj", "{4E6D38A2-1D75-4C7A-9325-449FD796C5C6}"
EndProject
Project("{FAE04EC0-301F-11D3-BF4B-00C04F79EFBC}") = "Diploma.BLL", "src\Diploma.BLL\Diploma.BLL.csproj", "{36F6865A-B0E7-4E94-AF3E-AC5FAFE463D8}"
EndProject
Project("{FAE04EC0-301F-11D3-BF4B-00C04F79EFBC}") = "Diploma.Core", "src\Diploma.Core\Diploma.Core.csproj", "{48325246-FCE3-4BB3-BD38-60052A7812C7}"
EndProject
Project("{FAE04EC0-301F-11D3-BF4B-00C04F79EFBC}") = "Diploma.BLL.Tests", "tests\Diploma.BLL.Tests\Diploma.BLL.Tests.csproj", "{E4B35C9D-76F8-45C3-86D5-1EC68F7939AB}"
EndProject
Project("{FAE04EC0-301F-11D3-BF4B-00C04F79EFBC}") = "Diploma.Infrastructure", "src\Diploma.Infrastructure\Diploma.Infrastructure.csproj", "{4B5BAE0C-4DE8-49AC-A27E-F4811247F1C0}"
EndProject
Project("{FAE04EC0-301F-11D3-BF4B-00C04F79EFBC}") = "Diploma.Core.Tests", "tests\Diploma.Core.Tests\Diploma.Core.Tests.csproj", "{8EDF4429-251A-416D-BB68-93F227191BCF}"
EndProject
Global
	GlobalSection(SolutionConfigurationPlatforms) = preSolution
		Debug|Any CPU = Debug|Any CPU
		Release|Any CPU = Release|Any CPU
	EndGlobalSection
	GlobalSection(ProjectConfigurationPlatforms) = postSolution
		{039E17FB-7ADC-4B4E-A439-9649AE398A12}.Debug|Any CPU.ActiveCfg = Debug|Any CPU
		{039E17FB-7ADC-4B4E-A439-9649AE398A12}.Debug|Any CPU.Build.0 = Debug|Any CPU
		{039E17FB-7ADC-4B4E-A439-9649AE398A12}.Release|Any CPU.ActiveCfg = Release|Any CPU
		{039E17FB-7ADC-4B4E-A439-9649AE398A12}.Release|Any CPU.Build.0 = Release|Any CPU
		{4E6D38A2-1D75-4C7A-9325-449FD796C5C6}.Debug|Any CPU.ActiveCfg = Debug|Any CPU
		{4E6D38A2-1D75-4C7A-9325-449FD796C5C6}.Debug|Any CPU.Build.0 = Debug|Any CPU
		{4E6D38A2-1D75-4C7A-9325-449FD796C5C6}.Release|Any CPU.ActiveCfg = Release|Any CPU
		{4E6D38A2-1D75-4C7A-9325-449FD796C5C6}.Release|Any CPU.Build.0 = Release|Any CPU
		{36F6865A-B0E7-4E94-AF3E-AC5FAFE463D8}.Debug|Any CPU.ActiveCfg = Debug|Any CPU
		{36F6865A-B0E7-4E94-AF3E-AC5FAFE463D8}.Debug|Any CPU.Build.0 = Debug|Any CPU
		{36F6865A-B0E7-4E94-AF3E-AC5FAFE463D8}.Release|Any CPU.ActiveCfg = Release|Any CPU
		{36F6865A-B0E7-4E94-AF3E-AC5FAFE463D8}.Release|Any CPU.Build.0 = Release|Any CPU
		{48325246-FCE3-4BB3-BD38-60052A7812C7}.Debug|Any CPU.ActiveCfg = Debug|Any CPU
		{48325246-FCE3-4BB3-BD38-60052A7812C7}.Debug|Any CPU.Build.0 = Debug|Any CPU
		{48325246-FCE3-4BB3-BD38-60052A7812C7}.Release|Any CPU.ActiveCfg = Release|Any CPU
		{48325246-FCE3-4BB3-BD38-60052A7812C7}.Release|Any CPU.Build.0 = Release|Any CPU
		{E4B35C9D-76F8-45C3-86D5-1EC68F7939AB}.Debug|Any CPU.ActiveCfg = Debug|Any CPU
		{E4B35C9D-76F8-45C3-86D5-1EC68F7939AB}.Debug|Any CPU.Build.0 = Debug|Any CPU
		{E4B35C9D-76F8-45C3-86D5-1EC68F7939AB}.Release|Any CPU.ActiveCfg = Release|Any CPU
		{E4B35C9D-76F8-45C3-86D5-1EC68F7939AB}.Release|Any CPU.Build.0 = Release|Any CPU
		{4B5BAE0C-4DE8-49AC-A27E-F4811247F1C0}.Debug|Any CPU.ActiveCfg = Debug|Any CPU
		{4B5BAE0C-4DE8-49AC-A27E-F4811247F1C0}.Debug|Any CPU.Build.0 = Debug|Any CPU
		{4B5BAE0C-4DE8-49AC-A27E-F4811247F1C0}.Release|Any CPU.ActiveCfg = Release|Any CPU
		{4B5BAE0C-4DE8-49AC-A27E-F4811247F1C0}.Release|Any CPU.Build.0 = Release|Any CPU
		{8EDF4429-251A-416D-BB68-93F227191BCF}.Debug|Any CPU.ActiveCfg = Debug|Any CPU
		{8EDF4429-251A-416D-BB68-93F227191BCF}.Debug|Any CPU.Build.0 = Debug|Any CPU
		{8EDF4429-251A-416D-BB68-93F227191BCF}.Release|Any CPU.ActiveCfg = Release|Any CPU
		{8EDF4429-251A-416D-BB68-93F227191BCF}.Release|Any CPU.Build.0 = Release|Any CPU
	EndGlobalSection
	GlobalSection(SolutionProperties) = preSolution
		HideSolutionNode = FALSE
	EndGlobalSection
	GlobalSection(ExtensibilityGlobals) = postSolution
		SolutionGuid = {CD9B1F0D-E6AC-4EF3-A168-B72E1A6B2FB1}
	EndGlobalSection
EndGlobal
